
Microsoft Visual Studio Solution File, Format Version 12.00
# Visual Studio Version 16
VisualStudioVersion = 16.0.31410.357
MinimumVisualStudioVersion = 10.0.40219.1
Project("{9A19103F-16F7-4668-BE54-9A1E7A4F7556}") = "Facturacion", "Project5\Facturacion.csproj", "{F2416501-C052-4A81-8A34-55B95D60AF5A}"
EndProject
Project("{9A19103F-16F7-4668-BE54-9A1E7A4F7556}") = "Facturacion.Core", "Facturacion.Core\Facturacion.Core.csproj", "{47C9553A-B5E5-4302-BBD1-ACCE22C2507A}"
EndProject
Global
	GlobalSection(SolutionConfigurationPlatforms) = preSolution
		Debug|Any CPU = Debug|Any CPU
		Release|Any CPU = Release|Any CPU
	EndGlobalSection
	GlobalSection(ProjectConfigurationPlatforms) = postSolution
		{F2416501-C052-4A81-8A34-55B95D60AF5A}.Debug|Any CPU.ActiveCfg = Debug|Any CPU
		{F2416501-C052-4A81-8A34-55B95D60AF5A}.Debug|Any CPU.Build.0 = Debug|Any CPU
		{F2416501-C052-4A81-8A34-55B95D60AF5A}.Release|Any CPU.ActiveCfg = Release|Any CPU
		{F2416501-C052-4A81-8A34-55B95D60AF5A}.Release|Any CPU.Build.0 = Release|Any CPU
		{47C9553A-B5E5-4302-BBD1-ACCE22C2507A}.Debug|Any CPU.ActiveCfg = Debug|Any CPU
		{47C9553A-B5E5-4302-BBD1-ACCE22C2507A}.Debug|Any CPU.Build.0 = Debug|Any CPU
		{47C9553A-B5E5-4302-BBD1-ACCE22C2507A}.Release|Any CPU.ActiveCfg = Release|Any CPU
		{47C9553A-B5E5-4302-BBD1-ACCE22C2507A}.Release|Any CPU.Build.0 = Release|Any CPU
	EndGlobalSection
	GlobalSection(SolutionProperties) = preSolution
		HideSolutionNode = FALSE
	EndGlobalSection
	GlobalSection(ExtensibilityGlobals) = postSolution
		SolutionGuid = {7F109A70-BA60-4247-85A9-FD23A4656920}
	EndGlobalSection
EndGlobal
